
Microsoft Visual Studio Solution File, Format Version 12.00
# Visual Studio Version 17
VisualStudioVersion = 17.4.33205.214
MinimumVisualStudioVersion = 10.0.40219.1
Project("{FAE04EC0-301F-11D3-BF4B-00C04F79EFBC}") = "KB4_PFI_Zelda_solution", "KB4_PFI_Zelda_solution\KB4_PFI_Zelda_solution.csproj", "{1331E354-6944-4D05-93EA-51A5E8E25C95}"
EndProject
Global
	GlobalSection(SolutionConfigurationPlatforms) = preSolution
		Debug|Any CPU = Debug|Any CPU
		Release|Any CPU = Release|Any CPU
	EndGlobalSection
	GlobalSection(ProjectConfigurationPlatforms) = postSolution
		{1331E354-6944-4D05-93EA-51A5E8E25C95}.Debug|Any CPU.ActiveCfg = Debug|Any CPU
		{1331E354-6944-4D05-93EA-51A5E8E25C95}.Debug|Any CPU.Build.0 = Debug|Any CPU
		{1331E354-6944-4D05-93EA-51A5E8E25C95}.Release|Any CPU.ActiveCfg = Release|Any CPU
		{1331E354-6944-4D05-93EA-51A5E8E25C95}.Release|Any CPU.Build.0 = Release|Any CPU
	EndGlobalSection
	GlobalSection(SolutionProperties) = preSolution
		HideSolutionNode = FALSE
	EndGlobalSection
	GlobalSection(ExtensibilityGlobals) = postSolution
		SolutionGuid = {ED163BFE-0F0F-47F0-A766-02EC4377A8A9}
	EndGlobalSection
EndGlobal
